
Microsoft Visual Studio Solution File, Format Version 12.00
# Visual Studio Version 16
VisualStudioVersion = 16.0.29613.14
MinimumVisualStudioVersion = 10.0.40219.1
Project("{2150E333-8FDC-42A3-9474-1A3956D46DE8}") = "Examples", "Examples", "{07CF3428-0449-4381-BD78-A1AB98F2BD9D}"
EndProject
Project("{2150E333-8FDC-42A3-9474-1A3956D46DE8}") = "Indicators", "Indicators", "{6C67A032-F984-45CE-ABED-7BFDF1846F70}"
EndProject
Project("{FAE04EC0-301F-11D3-BF4B-00C04F79EFBC}") = "DiffCloseTwoSymbols", "Examples\DiffCloseTwoSymbols\DiffCloseTwoSymbols.csproj", "{8172EAFB-A8BF-4ED2-85CD-6421043C86DB}"
EndProject
Project("{FAE04EC0-301F-11D3-BF4B-00C04F79EFBC}") = "FindPosition", "Examples\FindPosition\FindPosition.csproj", "{1C008902-42FC-42EF-8EDF-3447E291CD6D}"
EndProject
Project("{FAE04EC0-301F-11D3-BF4B-00C04F79EFBC}") = "GetCursorPositionOnChart", "Examples\GetCursorPositionOnChart\GetCursorPositionOnChart.csproj", "{C5837394-F8ED-4B44-BD24-59648E13972F}"
EndProject
Project("{FAE04EC0-301F-11D3-BF4B-00C04F79EFBC}") = "ModifyProductType", "Examples\ModifyProductType\ModifyProductType.csproj", "{C9C6BBDB-7539-40A9-95B4-2601415F8758}"
EndProject
Project("{FAE04EC0-301F-11D3-BF4B-00C04F79EFBC}") = "UseExternalIndicator", "Examples\UseExternalIndicator\UseExternalIndicator.csproj", "{E6D01EF7-7E05-4104-8131-19671D028ED2}"
EndProject
Project("{FAE04EC0-301F-11D3-BF4B-00C04F79EFBC}") = "Fractals", "Indicators\Fractals\Fractals.csproj", "{2753499F-0DC6-4EF1-B0FC-49FA77A2DB9B}"
EndProject
Project("{FAE04EC0-301F-11D3-BF4B-00C04F79EFBC}") = "TrendLineExample", "Examples\TrendLineExample\TrendLineExample.csproj", "{39D3CE96-C5D7-4C3B-8EEF-C95A2913754C}"
EndProject
Project("{2150E333-8FDC-42A3-9474-1A3956D46DE8}") = "MutiTimeFrameExample", "MutiTimeFrameExample", "{FF231512-64E5-46CF-84C1-AD4D7AD41D7F}"
EndProject
Project("{FAE04EC0-301F-11D3-BF4B-00C04F79EFBC}") = "IndicatorBuilderMTF", "Examples\MutiTimeFrameExample\IndicatorBuilderMTF\IndicatorBuilderMTF.csproj", "{A59CF0B3-8B95-4A83-B916-EACA760C8193}"
EndProject
Project("{FAE04EC0-301F-11D3-BF4B-00C04F79EFBC}") = "LibExample", "Examples\MutiTimeFrameExample\LibExample\LibExample.csproj", "{1FB22743-ABF9-4FAE-A055-ABF604DF8CCB}"
EndProject
Project("{FAE04EC0-301F-11D3-BF4B-00C04F79EFBC}") = "WaveTrend Oscillator", "Indicators\WaveTrend Oscillator\WaveTrend Oscillator.csproj", "{7C19D20E-FA44-4740-9306-3C4AC33B9F8D}"
EndProject
Project("{2150E333-8FDC-42A3-9474-1A3956D46DE8}") = "Strategies", "Strategies", "{D1985411-FE22-4D50-9CCF-D65A850E834C}"
EndProject
Project("{FAE04EC0-301F-11D3-BF4B-00C04F79EFBC}") = "DoubleBuy", "Strategies\DoubleBuy\DoubleBuy.csproj", "{40363167-87CF-4433-B38B-22A678BCA0C3}"
EndProject
Project("{FAE04EC0-301F-11D3-BF4B-00C04F79EFBC}") = "Autotrend", "Indicators\Autotrend\Autotrend.csproj", "{3869DC96-6E70-4B82-BA87-F1C5231955DE}"
EndProject
Project("{FAE04EC0-301F-11D3-BF4B-00C04F79EFBC}") = "BillWilliamsChaosTheory", "Indicators\BillWilliamsChaosTheory\BillWilliamsChaosTheory.csproj", "{B6C98872-96F2-435C-92CE-54C23A474D7F}"
EndProject
Project("{2150E333-8FDC-42A3-9474-1A3956D46DE8}") = "MTSTCK", "MTSTCK", "{ED780294-E277-40D7-B506-5DFDCD87F72E}"
EndProject
Project("{FAE04EC0-301F-11D3-BF4B-00C04F79EFBC}") = "MTSTCKWrapper", "Examples\MTSTCK\MTSTCKWrapper\MTSTCKWrapper.csproj", "{36815B84-84EF-4E60-9998-0DC48D636C6B}"
EndProject
Project("{2150E333-8FDC-42A3-9474-1A3956D46DE8}") = "Examples", "Examples", "{58C51C49-71F3-4983-B0CB-B79988190C5E}"
EndProject
Project("{FAE04EC0-301F-11D3-BF4B-00C04F79EFBC}") = "AltiZeka_STP", "Examples\AltiZeka_STP\AltiZeka_STP.csproj", "{3B140A81-33B9-486B-B8AF-CE7C9A0D3A65}"
EndProject
Project("{FAE04EC0-301F-11D3-BF4B-00C04F79EFBC}") = "UsePythonExample", "Examples\UsePythonExample\UsePythonExample.csproj", "{8199BDF0-B92A-4123-961E-C0673F62EC32}"
EndProject
Project("{FAE04EC0-301F-11D3-BF4B-00C04F79EFBC}") = "MTSTKWrapperLibExampleV1", "Examples\MTSTCK\Examples\MTSTKWrapperLibExampleV1\MTSTKWrapperLibExampleV1.csproj", "{9050CCE5-4109-4134-8F76-5FE548013F22}"
EndProject
Project("{FAE04EC0-301F-11D3-BF4B-00C04F79EFBC}") = "MTSTKWrapperLibExampleV2", "Examples\MTSTCK\Examples\MTSTKWrapperLibExampleV2\MTSTKWrapperLibExampleV2.csproj", "{F5C28D77-0935-4990-91D7-A86E5C1F580D}"
EndProject
Project("{FAE04EC0-301F-11D3-BF4B-00C04F79EFBC}") = "MTSTKWrapperLibExampleV3", "Examples\MTSTCK\Examples\MTSTKWrapperLibExampleV3\MTSTKWrapperLibExampleV3.csproj", "{3EB8C43E-75D1-455B-9E22-3099099435D1}"
EndProject
Project("{FAE04EC0-301F-11D3-BF4B-00C04F79EFBC}") = "Inside Bar", "Indicators\Inside Bar\Inside Bar.csproj", "{C18DFA1D-53E3-4A13-B2E4-C8C31CEB7E3A}"
EndProject
Project("{2150E333-8FDC-42A3-9474-1A3956D46DE8}") = "LoadCustomIndicator", "LoadCustomIndicator", "{666271FB-6E13-4D5B-A1F7-E236293A7B0D}"
EndProject
Project("{FAE04EC0-301F-11D3-BF4B-00C04F79EFBC}") = "CustomIndicator", "Examples\LoadCustomIndicator\CustomIndicator\CustomIndicator.csproj", "{EBDF4D70-8510-4F9C-ABB0-819C471869E0}"
EndProject
Project("{FAE04EC0-301F-11D3-BF4B-00C04F79EFBC}") = "LoadCustomIndicatorStrategy", "Examples\LoadCustomIndicator\LoadCustomIndicatorStrategy\LoadCustomIndicatorStrategy.csproj", "{210975C0-0EB7-4B47-914E-2CDF2A075ADB}"
EndProject
Project("{FAE04EC0-301F-11D3-BF4B-00C04F79EFBC}") = "MySqlExample", "Examples\MySqlExample\MySqlExample.csproj", "{AC6306E6-5392-4F24-9C98-F6DE75D0650B}"
EndProject
Global
	GlobalSection(SolutionConfigurationPlatforms) = preSolution
		Debug|Any CPU = Debug|Any CPU
		Release|Any CPU = Release|Any CPU
	EndGlobalSection
	GlobalSection(ProjectConfigurationPlatforms) = postSolution
		{8172EAFB-A8BF-4ED2-85CD-6421043C86DB}.Debug|Any CPU.ActiveCfg = Debug|Any CPU
		{8172EAFB-A8BF-4ED2-85CD-6421043C86DB}.Debug|Any CPU.Build.0 = Debug|Any CPU
		{8172EAFB-A8BF-4ED2-85CD-6421043C86DB}.Release|Any CPU.ActiveCfg = Release|Any CPU
		{8172EAFB-A8BF-4ED2-85CD-6421043C86DB}.Release|Any CPU.Build.0 = Release|Any CPU
		{1C008902-42FC-42EF-8EDF-3447E291CD6D}.Debug|Any CPU.ActiveCfg = Debug|Any CPU
		{1C008902-42FC-42EF-8EDF-3447E291CD6D}.Debug|Any CPU.Build.0 = Debug|Any CPU
		{1C008902-42FC-42EF-8EDF-3447E291CD6D}.Release|Any CPU.ActiveCfg = Release|Any CPU
		{1C008902-42FC-42EF-8EDF-3447E291CD6D}.Release|Any CPU.Build.0 = Release|Any CPU
		{C5837394-F8ED-4B44-BD24-59648E13972F}.Debug|Any CPU.ActiveCfg = Debug|Any CPU
		{C5837394-F8ED-4B44-BD24-59648E13972F}.Debug|Any CPU.Build.0 = Debug|Any CPU
		{C5837394-F8ED-4B44-BD24-59648E13972F}.Release|Any CPU.ActiveCfg = Release|Any CPU
		{C5837394-F8ED-4B44-BD24-59648E13972F}.Release|Any CPU.Build.0 = Release|Any CPU
		{C9C6BBDB-7539-40A9-95B4-2601415F8758}.Debug|Any CPU.ActiveCfg = Debug|Any CPU
		{C9C6BBDB-7539-40A9-95B4-2601415F8758}.Debug|Any CPU.Build.0 = Debug|Any CPU
		{C9C6BBDB-7539-40A9-95B4-2601415F8758}.Release|Any CPU.ActiveCfg = Release|Any CPU
		{C9C6BBDB-7539-40A9-95B4-2601415F8758}.Release|Any CPU.Build.0 = Release|Any CPU
		{E6D01EF7-7E05-4104-8131-19671D028ED2}.Debug|Any CPU.ActiveCfg = Debug|Any CPU
		{E6D01EF7-7E05-4104-8131-19671D028ED2}.Debug|Any CPU.Build.0 = Debug|Any CPU
		{E6D01EF7-7E05-4104-8131-19671D028ED2}.Release|Any CPU.ActiveCfg = Release|Any CPU
		{E6D01EF7-7E05-4104-8131-19671D028ED2}.Release|Any CPU.Build.0 = Release|Any CPU
		{2753499F-0DC6-4EF1-B0FC-49FA77A2DB9B}.Debug|Any CPU.ActiveCfg = Debug|Any CPU
		{2753499F-0DC6-4EF1-B0FC-49FA77A2DB9B}.Debug|Any CPU.Build.0 = Debug|Any CPU
		{2753499F-0DC6-4EF1-B0FC-49FA77A2DB9B}.Release|Any CPU.ActiveCfg = Release|Any CPU
		{2753499F-0DC6-4EF1-B0FC-49FA77A2DB9B}.Release|Any CPU.Build.0 = Release|Any CPU
		{39D3CE96-C5D7-4C3B-8EEF-C95A2913754C}.Debug|Any CPU.ActiveCfg = Debug|Any CPU
		{39D3CE96-C5D7-4C3B-8EEF-C95A2913754C}.Debug|Any CPU.Build.0 = Debug|Any CPU
		{39D3CE96-C5D7-4C3B-8EEF-C95A2913754C}.Release|Any CPU.ActiveCfg = Release|Any CPU
		{39D3CE96-C5D7-4C3B-8EEF-C95A2913754C}.Release|Any CPU.Build.0 = Release|Any CPU
		{A59CF0B3-8B95-4A83-B916-EACA760C8193}.Debug|Any CPU.ActiveCfg = Debug|Any CPU
		{A59CF0B3-8B95-4A83-B916-EACA760C8193}.Debug|Any CPU.Build.0 = Debug|Any CPU
		{A59CF0B3-8B95-4A83-B916-EACA760C8193}.Release|Any CPU.ActiveCfg = Release|Any CPU
		{A59CF0B3-8B95-4A83-B916-EACA760C8193}.Release|Any CPU.Build.0 = Release|Any CPU
		{1FB22743-ABF9-4FAE-A055-ABF604DF8CCB}.Debug|Any CPU.ActiveCfg = Debug|Any CPU
		{1FB22743-ABF9-4FAE-A055-ABF604DF8CCB}.Debug|Any CPU.Build.0 = Debug|Any CPU
		{1FB22743-ABF9-4FAE-A055-ABF604DF8CCB}.Release|Any CPU.ActiveCfg = Release|Any CPU
		{1FB22743-ABF9-4FAE-A055-ABF604DF8CCB}.Release|Any CPU.Build.0 = Release|Any CPU
		{7C19D20E-FA44-4740-9306-3C4AC33B9F8D}.Debug|Any CPU.ActiveCfg = Debug|Any CPU
		{7C19D20E-FA44-4740-9306-3C4AC33B9F8D}.Debug|Any CPU.Build.0 = Debug|Any CPU
		{7C19D20E-FA44-4740-9306-3C4AC33B9F8D}.Release|Any CPU.ActiveCfg = Release|Any CPU
		{7C19D20E-FA44-4740-9306-3C4AC33B9F8D}.Release|Any CPU.Build.0 = Release|Any CPU
		{40363167-87CF-4433-B38B-22A678BCA0C3}.Debug|Any CPU.ActiveCfg = Debug|Any CPU
		{40363167-87CF-4433-B38B-22A678BCA0C3}.Debug|Any CPU.Build.0 = Debug|Any CPU
		{40363167-87CF-4433-B38B-22A678BCA0C3}.Release|Any CPU.ActiveCfg = Release|Any CPU
		{40363167-87CF-4433-B38B-22A678BCA0C3}.Release|Any CPU.Build.0 = Release|Any CPU
		{3869DC96-6E70-4B82-BA87-F1C5231955DE}.Debug|Any CPU.ActiveCfg = Debug|Any CPU
		{3869DC96-6E70-4B82-BA87-F1C5231955DE}.Debug|Any CPU.Build.0 = Debug|Any CPU
		{3869DC96-6E70-4B82-BA87-F1C5231955DE}.Release|Any CPU.ActiveCfg = Release|Any CPU
		{3869DC96-6E70-4B82-BA87-F1C5231955DE}.Release|Any CPU.Build.0 = Release|Any CPU
		{B6C98872-96F2-435C-92CE-54C23A474D7F}.Debug|Any CPU.ActiveCfg = Debug|Any CPU
		{B6C98872-96F2-435C-92CE-54C23A474D7F}.Debug|Any CPU.Build.0 = Debug|Any CPU
		{B6C98872-96F2-435C-92CE-54C23A474D7F}.Release|Any CPU.ActiveCfg = Release|Any CPU
		{B6C98872-96F2-435C-92CE-54C23A474D7F}.Release|Any CPU.Build.0 = Release|Any CPU
		{36815B84-84EF-4E60-9998-0DC48D636C6B}.Debug|Any CPU.ActiveCfg = Debug|Any CPU
		{36815B84-84EF-4E60-9998-0DC48D636C6B}.Debug|Any CPU.Build.0 = Debug|Any CPU
		{36815B84-84EF-4E60-9998-0DC48D636C6B}.Release|Any CPU.ActiveCfg = Release|Any CPU
		{36815B84-84EF-4E60-9998-0DC48D636C6B}.Release|Any CPU.Build.0 = Release|Any CPU
		{3B140A81-33B9-486B-B8AF-CE7C9A0D3A65}.Debug|Any CPU.ActiveCfg = Debug|Any CPU
		{3B140A81-33B9-486B-B8AF-CE7C9A0D3A65}.Debug|Any CPU.Build.0 = Debug|Any CPU
		{3B140A81-33B9-486B-B8AF-CE7C9A0D3A65}.Release|Any CPU.ActiveCfg = Release|Any CPU
		{3B140A81-33B9-486B-B8AF-CE7C9A0D3A65}.Release|Any CPU.Build.0 = Release|Any CPU
		{8199BDF0-B92A-4123-961E-C0673F62EC32}.Debug|Any CPU.ActiveCfg = Debug|Any CPU
		{8199BDF0-B92A-4123-961E-C0673F62EC32}.Debug|Any CPU.Build.0 = Debug|Any CPU
		{8199BDF0-B92A-4123-961E-C0673F62EC32}.Release|Any CPU.ActiveCfg = Release|Any CPU
		{8199BDF0-B92A-4123-961E-C0673F62EC32}.Release|Any CPU.Build.0 = Release|Any CPU
		{9050CCE5-4109-4134-8F76-5FE548013F22}.Debug|Any CPU.ActiveCfg = Debug|Any CPU
		{9050CCE5-4109-4134-8F76-5FE548013F22}.Debug|Any CPU.Build.0 = Debug|Any CPU
		{9050CCE5-4109-4134-8F76-5FE548013F22}.Release|Any CPU.ActiveCfg = Release|Any CPU
		{9050CCE5-4109-4134-8F76-5FE548013F22}.Release|Any CPU.Build.0 = Release|Any CPU
		{F5C28D77-0935-4990-91D7-A86E5C1F580D}.Debug|Any CPU.ActiveCfg = Debug|Any CPU
		{F5C28D77-0935-4990-91D7-A86E5C1F580D}.Debug|Any CPU.Build.0 = Debug|Any CPU
		{F5C28D77-0935-4990-91D7-A86E5C1F580D}.Release|Any CPU.ActiveCfg = Release|Any CPU
		{F5C28D77-0935-4990-91D7-A86E5C1F580D}.Release|Any CPU.Build.0 = Release|Any CPU
		{3EB8C43E-75D1-455B-9E22-3099099435D1}.Debug|Any CPU.ActiveCfg = Debug|Any CPU
		{3EB8C43E-75D1-455B-9E22-3099099435D1}.Debug|Any CPU.Build.0 = Debug|Any CPU
		{3EB8C43E-75D1-455B-9E22-3099099435D1}.Release|Any CPU.ActiveCfg = Release|Any CPU
		{3EB8C43E-75D1-455B-9E22-3099099435D1}.Release|Any CPU.Build.0 = Release|Any CPU
		{C18DFA1D-53E3-4A13-B2E4-C8C31CEB7E3A}.Debug|Any CPU.ActiveCfg = Debug|Any CPU
		{C18DFA1D-53E3-4A13-B2E4-C8C31CEB7E3A}.Debug|Any CPU.Build.0 = Debug|Any CPU
		{C18DFA1D-53E3-4A13-B2E4-C8C31CEB7E3A}.Release|Any CPU.ActiveCfg = Release|Any CPU
		{C18DFA1D-53E3-4A13-B2E4-C8C31CEB7E3A}.Release|Any CPU.Build.0 = Release|Any CPU
		{EBDF4D70-8510-4F9C-ABB0-819C471869E0}.Debug|Any CPU.ActiveCfg = Debug|Any CPU
		{EBDF4D70-8510-4F9C-ABB0-819C471869E0}.Debug|Any CPU.Build.0 = Debug|Any CPU
		{EBDF4D70-8510-4F9C-ABB0-819C471869E0}.Release|Any CPU.ActiveCfg = Release|Any CPU
		{EBDF4D70-8510-4F9C-ABB0-819C471869E0}.Release|Any CPU.Build.0 = Release|Any CPU
		{210975C0-0EB7-4B47-914E-2CDF2A075ADB}.Debug|Any CPU.ActiveCfg = Debug|Any CPU
		{210975C0-0EB7-4B47-914E-2CDF2A075ADB}.Debug|Any CPU.Build.0 = Debug|Any CPU
		{210975C0-0EB7-4B47-914E-2CDF2A075ADB}.Release|Any CPU.ActiveCfg = Release|Any CPU
		{210975C0-0EB7-4B47-914E-2CDF2A075ADB}.Release|Any CPU.Build.0 = Release|Any CPU
		{AC6306E6-5392-4F24-9C98-F6DE75D0650B}.Debug|Any CPU.ActiveCfg = Debug|Any CPU
		{AC6306E6-5392-4F24-9C98-F6DE75D0650B}.Debug|Any CPU.Build.0 = Debug|Any CPU
		{AC6306E6-5392-4F24-9C98-F6DE75D0650B}.Release|Any CPU.ActiveCfg = Release|Any CPU
		{AC6306E6-5392-4F24-9C98-F6DE75D0650B}.Release|Any CPU.Build.0 = Release|Any CPU
	EndGlobalSection
	GlobalSection(SolutionProperties) = preSolution
		HideSolutionNode = FALSE
	EndGlobalSection
	GlobalSection(NestedProjects) = preSolution
		{8172EAFB-A8BF-4ED2-85CD-6421043C86DB} = {07CF3428-0449-4381-BD78-A1AB98F2BD9D}
		{1C008902-42FC-42EF-8EDF-3447E291CD6D} = {07CF3428-0449-4381-BD78-A1AB98F2BD9D}
		{C5837394-F8ED-4B44-BD24-59648E13972F} = {07CF3428-0449-4381-BD78-A1AB98F2BD9D}
		{C9C6BBDB-7539-40A9-95B4-2601415F8758} = {07CF3428-0449-4381-BD78-A1AB98F2BD9D}
		{E6D01EF7-7E05-4104-8131-19671D028ED2} = {07CF3428-0449-4381-BD78-A1AB98F2BD9D}
		{2753499F-0DC6-4EF1-B0FC-49FA77A2DB9B} = {6C67A032-F984-45CE-ABED-7BFDF1846F70}
		{39D3CE96-C5D7-4C3B-8EEF-C95A2913754C} = {07CF3428-0449-4381-BD78-A1AB98F2BD9D}
		{FF231512-64E5-46CF-84C1-AD4D7AD41D7F} = {07CF3428-0449-4381-BD78-A1AB98F2BD9D}
		{A59CF0B3-8B95-4A83-B916-EACA760C8193} = {FF231512-64E5-46CF-84C1-AD4D7AD41D7F}
		{1FB22743-ABF9-4FAE-A055-ABF604DF8CCB} = {FF231512-64E5-46CF-84C1-AD4D7AD41D7F}
		{7C19D20E-FA44-4740-9306-3C4AC33B9F8D} = {6C67A032-F984-45CE-ABED-7BFDF1846F70}
		{40363167-87CF-4433-B38B-22A678BCA0C3} = {D1985411-FE22-4D50-9CCF-D65A850E834C}
		{B6C98872-96F2-435C-92CE-54C23A474D7F} = {6C67A032-F984-45CE-ABED-7BFDF1846F70}
		{ED780294-E277-40D7-B506-5DFDCD87F72E} = {07CF3428-0449-4381-BD78-A1AB98F2BD9D}
		{36815B84-84EF-4E60-9998-0DC48D636C6B} = {ED780294-E277-40D7-B506-5DFDCD87F72E}
		{58C51C49-71F3-4983-B0CB-B79988190C5E} = {ED780294-E277-40D7-B506-5DFDCD87F72E}
		{3B140A81-33B9-486B-B8AF-CE7C9A0D3A65} = {07CF3428-0449-4381-BD78-A1AB98F2BD9D}
		{8199BDF0-B92A-4123-961E-C0673F62EC32} = {07CF3428-0449-4381-BD78-A1AB98F2BD9D}
		{9050CCE5-4109-4134-8F76-5FE548013F22} = {58C51C49-71F3-4983-B0CB-B79988190C5E}
		{F5C28D77-0935-4990-91D7-A86E5C1F580D} = {58C51C49-71F3-4983-B0CB-B79988190C5E}
		{3EB8C43E-75D1-455B-9E22-3099099435D1} = {58C51C49-71F3-4983-B0CB-B79988190C5E}
		{C18DFA1D-53E3-4A13-B2E4-C8C31CEB7E3A} = {6C67A032-F984-45CE-ABED-7BFDF1846F70}
		{666271FB-6E13-4D5B-A1F7-E236293A7B0D} = {07CF3428-0449-4381-BD78-A1AB98F2BD9D}
		{EBDF4D70-8510-4F9C-ABB0-819C471869E0} = {666271FB-6E13-4D5B-A1F7-E236293A7B0D}
		{210975C0-0EB7-4B47-914E-2CDF2A075ADB} = {666271FB-6E13-4D5B-A1F7-E236293A7B0D}
		{AC6306E6-5392-4F24-9C98-F6DE75D0650B} = {07CF3428-0449-4381-BD78-A1AB98F2BD9D}
	EndGlobalSection
	GlobalSection(ExtensibilityGlobals) = postSolution
		SolutionGuid = {5B622A21-1A5C-4982-B4D6-72F492386BC1}
	EndGlobalSection
EndGlobal
